
Microsoft Visual Studio Solution File, Format Version 12.00
# Visual Studio 2012
Project("{FAE04EC0-301F-11D3-BF4B-00C04F79EFBC}") = "GtkDemo", "GtkDemo\GtkDemo.csproj", "{4B74B057-A91E-4385-B664-2CC34698E7EC}"
EndProject
Project("{FAE04EC0-301F-11D3-BF4B-00C04F79EFBC}") = "CmdLineApp", "CmdLineApp\CmdLineApp.csproj", "{91EE3D62-0305-4A55-B999-115AC90065E8}"
EndProject
Project("{FAE04EC0-301F-11D3-BF4B-00C04F79EFBC}") = "AdobeApp", "AdobeApp\AdobeApp.csproj", "{36C9D114-496C-4C7E-A342-209437E91368}"
EndProject
Project("{FAE04EC0-301F-11D3-BF4B-00C04F79EFBC}") = "AdobeApp.Tests", "AdobeApp.Tests\AdobeApp.Tests.csproj", "{16AD8EFC-2619-490B-BD39-870322119DD3}"
EndProject
Project("{2150E333-8FDC-42A3-9474-1A3956D46DE8}") = "Solution Items", "Solution Items", "{28EB0E06-9EF5-411B-A6FB-10E951562650}"
	ProjectSection(SolutionItems) = preProject
		Readme.md = Readme.md
	EndProjectSection
EndProject
Global
	GlobalSection(SolutionConfigurationPlatforms) = preSolution
		Debug|x86 = Debug|x86
		Release|x86 = Release|x86
		AppStore|Any CPU = AppStore|Any CPU
	EndGlobalSection
	GlobalSection(ProjectConfigurationPlatforms) = postSolution
		{16AD8EFC-2619-490B-BD39-870322119DD3}.AppStore|Any CPU.ActiveCfg = Debug|Any CPU
		{16AD8EFC-2619-490B-BD39-870322119DD3}.AppStore|Any CPU.Build.0 = Debug|Any CPU
		{16AD8EFC-2619-490B-BD39-870322119DD3}.Debug|x86.ActiveCfg = Debug|Any CPU
		{16AD8EFC-2619-490B-BD39-870322119DD3}.Debug|x86.Build.0 = Debug|Any CPU
		{16AD8EFC-2619-490B-BD39-870322119DD3}.Release|x86.ActiveCfg = Release|Any CPU
		{16AD8EFC-2619-490B-BD39-870322119DD3}.Release|x86.Build.0 = Release|Any CPU
		{36C9D114-496C-4C7E-A342-209437E91368}.AppStore|Any CPU.ActiveCfg = Debug|Any CPU
		{36C9D114-496C-4C7E-A342-209437E91368}.AppStore|Any CPU.Build.0 = Debug|Any CPU
		{36C9D114-496C-4C7E-A342-209437E91368}.Debug|x86.ActiveCfg = Debug|Any CPU
		{36C9D114-496C-4C7E-A342-209437E91368}.Debug|x86.Build.0 = Debug|Any CPU
		{36C9D114-496C-4C7E-A342-209437E91368}.Release|x86.ActiveCfg = Release|Any CPU
		{36C9D114-496C-4C7E-A342-209437E91368}.Release|x86.Build.0 = Release|Any CPU
		{4B74B057-A91E-4385-B664-2CC34698E7EC}.AppStore|Any CPU.ActiveCfg = Debug|x86
		{4B74B057-A91E-4385-B664-2CC34698E7EC}.AppStore|Any CPU.Build.0 = Debug|x86
		{4B74B057-A91E-4385-B664-2CC34698E7EC}.Debug|x86.ActiveCfg = Debug|x86
		{4B74B057-A91E-4385-B664-2CC34698E7EC}.Debug|x86.Build.0 = Debug|x86
		{4B74B057-A91E-4385-B664-2CC34698E7EC}.Release|x86.ActiveCfg = Release|x86
		{4B74B057-A91E-4385-B664-2CC34698E7EC}.Release|x86.Build.0 = Release|x86
		{91EE3D62-0305-4A55-B999-115AC90065E8}.AppStore|Any CPU.ActiveCfg = Debug|x86
		{91EE3D62-0305-4A55-B999-115AC90065E8}.AppStore|Any CPU.Build.0 = Debug|x86
		{91EE3D62-0305-4A55-B999-115AC90065E8}.Debug|x86.ActiveCfg = Debug|x86
		{91EE3D62-0305-4A55-B999-115AC90065E8}.Debug|x86.Build.0 = Debug|x86
		{91EE3D62-0305-4A55-B999-115AC90065E8}.Release|x86.ActiveCfg = Release|x86
		{91EE3D62-0305-4A55-B999-115AC90065E8}.Release|x86.Build.0 = Release|x86
	EndGlobalSection
	GlobalSection(NestedProjects) = preSolution
	EndGlobalSection
	GlobalSection(MonoDevelopProperties) = preSolution
		Policies = $0
		$0.TextStylePolicy = $1
		$1.inheritsSet = VisualStudio
		$1.inheritsScope = text/plain
		$1.scope = text/x-csharp
		$0.CSharpFormattingPolicy = $2
		$2.IndentSwitchBody = True
		$2.IndentBlocksInsideExpressions = True
		$2.AnonymousMethodBraceStyle = NextLine
		$2.PropertyBraceStyle = NextLine
		$2.PropertyGetBraceStyle = NextLine
		$2.PropertySetBraceStyle = NextLine
		$2.EventBraceStyle = NextLine
		$2.EventAddBraceStyle = NextLine
		$2.EventRemoveBraceStyle = NextLine
		$2.StatementBraceStyle = NextLine
		$2.ElseNewLinePlacement = NewLine
		$2.CatchNewLinePlacement = NewLine
		$2.FinallyNewLinePlacement = NewLine
		$2.WhileNewLinePlacement = DoNotCare
		$2.ArrayInitializerWrapping = DoNotChange
		$2.ArrayInitializerBraceStyle = NextLine
		$2.BeforeMethodDeclarationParentheses = False
		$2.BeforeMethodCallParentheses = False
		$2.BeforeConstructorDeclarationParentheses = False
		$2.NewLineBeforeConstructorInitializerColon = NewLine
		$2.NewLineAfterConstructorInitializerColon = SameLine
		$2.BeforeDelegateDeclarationParentheses = False
		$2.NewParentheses = False
		$2.SpacesBeforeBrackets = False
		$2.AlignToFirstMethodDeclarationParameter = False
		$2.AlignToFirstIndexerDeclarationParameter = False
		$2.inheritsSet = Mono
		$2.inheritsScope = text/x-csharp
		$2.scope = text/x-csharp
	EndGlobalSection
EndGlobal
